<?xml version="1.0" encoding="utf-8"?>
<Project ToolsVersion="4.0" xmlns="http://schemas.microsoft.com/developer/msbuild/2003">
  <ItemGroup>
    <Filter Include="Source Files">
      <UniqueIdentifier>{4FC737F1-C7A5-4376-A066-2A32D752A2FF}</UniqueIdentifier>
      <Extensions>cpp;c;cc;cxx;c++;def;odl;idl;hpj;bat;asm;asmx</Extensions>
    </Filter>
    <Filter Include="Header Files">
      <UniqueIdentifier>{93995380-89BD-4b04-88EB-625FBE52EBFB}</UniqueIdentifier>
      <Extensions>h;hh;hpp;hxx;h++;hm;inl;inc;ipp;xsd</Extensions>
    </Filter>
    <Filter Include="Resource Files">
      <UniqueIdentifier>{67DA6AB6-F800-4c08-8B7A-83BB121AAD01}</UniqueIdentifier>
      <Extensions>rc;ico;cur;bmp;dlg;rc2;rct;bin;rgs;gif;jpg;jpeg;jpe;resx;tiff;tif;png;wav;mfcribbon-ms</Extensions>
    </Filter>
    <Filter Include="Header Files\util">
      <UniqueIdentifier>{c487398e-6b4e-473c-bd37-a9ac1fe6f036}</UniqueIdentifier>
    </Filter>
    <Filter Include="Source Files\util">
      <UniqueIdentifier>{ceba1783-d7c7-45c3-a88a-e480a253d8cc}</UniqueIdentifier>
    </Filter>
    <Filter Include="Source Files\core">
      <UniqueIdentifier>{59eae237-6757-40d6-931a-719d2217ce82}</UniqueIdentifier>
    </Filter>
    <Filter Include="Header Files\core">
      <UniqueIdentifier>{0c1cb089-ebf7-4d0a-a606-fb7910040b4a}</UniqueIdentifier>
    </Filter>
    <Filter Include="Header Files\util\files">
      <UniqueIdentifier>{a88c03d8-4941-4096-997e-d5873ba8f00d}</UniqueIdentifier>
    </Filter>
    <Filter Include="Source Files\util\files">
      <UniqueIdentifier>{a193dcde-9d6e-4c22-819f-e6b0b2f91df9}</UniqueIdentifier>
    </Filter>
    <Filter Include="Header Files\engine">
      <UniqueIdentifier>{157a12cd-c037-4d6e-a30d-47b8cd4c901c}</UniqueIdentifier>
    </Filter>
    <Filter Include="Source Files\engine">
      <UniqueIdentifier>{1942e309-d365-462a-a268-3f2c278e00e7}</UniqueIdentifier>
    </Filter>
    <Filter Include="Header Files\engine\gui">
      <UniqueIdentifier>{e6c24922-9ce5-4893-958a-d28d8b1d59fa}</UniqueIdentifier>
    </Filter>
    <Filter Include="Source Files\engine\gui">
      <UniqueIdentifier>{11d790c7-cf31-46df-9f82-57968da5dd56}</UniqueIdentifier>
    </Filter>
  </ItemGroup>
  <ItemGroup>
    <ClCompile Include="Source.cpp">
      <Filter>Source Files</Filter>
    </ClCompile>
    <ClCompile Include="AutoClickerGL.cpp">
      <Filter>Source Files\core</Filter>
    </ClCompile>
    <ClCompile Include="YAMLFile.cpp">
      <Filter>Source Files\util\files</Filter>
    </ClCompile>
    <ClCompile Include="GuiRenderer.cpp">
      <Filter>Source Files\engine\gui</Filter>
    </ClCompile>
    <ClCompile Include="GuiManager.cpp">
      <Filter>Source Files\engine\gui</Filter>
    </ClCompile>
  </ItemGroup>
  <ItemGroup>
    <None Include="Config.yml">
      <Filter>Resource Files</Filter>
    </None>
  </ItemGroup>
  <ItemGroup>
    <ClInclude Include="AutoClickerGL.h">
      <Filter>Header Files\core</Filter>
    </ClInclude>
    <ClInclude Include="YAMLFile.h">
      <Filter>Header Files\util\files</Filter>
    </ClInclude>
    <ClInclude Include="GuiRenderer.h">
      <Filter>Header Files\engine\gui</Filter>
    </ClInclude>
    <ClInclude Include="GuiManager.h">
      <Filter>Header Files\engine\gui</Filter>
    </ClInclude>
  </ItemGroup>
</Project>